
Microsoft Visual Studio Solution File, Format Version 12.00
# Visual Studio Version 17
VisualStudioVersion = 17.9.34622.214
MinimumVisualStudioVersion = 10.0.40219.1
Project("{FAE04EC0-301F-11D3-BF4B-00C04F79EFBC}") = "SocketServer", "Lab2\SocketServer.csproj", "{74F9605D-44F9-46B3-84A2-A5DB657A59D3}"
EndProject
Project("{FAE04EC0-301F-11D3-BF4B-00C04F79EFBC}") = "SocketClient", "SocketClient\SocketClient.csproj", "{6BAA0DC1-DA9C-4BAC-B129-046CB532735A}"
EndProject
Project("{9A19103F-16F7-4668-BE54-9A1E7A4F7556}") = "MessageServer", "MessageServer\MessageServer.csproj", "{597411F8-5AD5-4823-A8BA-80D09AA54062}"
EndProject
Project("{FAE04EC0-301F-11D3-BF4B-00C04F79EFBC}") = "TcpServer", "TcpServer\TcpServer.csproj", "{25A0EA5D-5B59-4A1C-AE81-3E1817BAAE71}"
EndProject
Global
	GlobalSection(SolutionConfigurationPlatforms) = preSolution
		Debug|Any CPU = Debug|Any CPU
		Release|Any CPU = Release|Any CPU
	EndGlobalSection
	GlobalSection(ProjectConfigurationPlatforms) = postSolution
		{74F9605D-44F9-46B3-84A2-A5DB657A59D3}.Debug|Any CPU.ActiveCfg = Debug|Any CPU
		{74F9605D-44F9-46B3-84A2-A5DB657A59D3}.Debug|Any CPU.Build.0 = Debug|Any CPU
		{74F9605D-44F9-46B3-84A2-A5DB657A59D3}.Release|Any CPU.ActiveCfg = Release|Any CPU
		{74F9605D-44F9-46B3-84A2-A5DB657A59D3}.Release|Any CPU.Build.0 = Release|Any CPU
		{6BAA0DC1-DA9C-4BAC-B129-046CB532735A}.Debug|Any CPU.ActiveCfg = Debug|Any CPU
		{6BAA0DC1-DA9C-4BAC-B129-046CB532735A}.Debug|Any CPU.Build.0 = Debug|Any CPU
		{6BAA0DC1-DA9C-4BAC-B129-046CB532735A}.Release|Any CPU.ActiveCfg = Release|Any CPU
		{6BAA0DC1-DA9C-4BAC-B129-046CB532735A}.Release|Any CPU.Build.0 = Release|Any CPU
		{597411F8-5AD5-4823-A8BA-80D09AA54062}.Debug|Any CPU.ActiveCfg = Debug|Any CPU
		{597411F8-5AD5-4823-A8BA-80D09AA54062}.Debug|Any CPU.Build.0 = Debug|Any CPU
		{597411F8-5AD5-4823-A8BA-80D09AA54062}.Release|Any CPU.ActiveCfg = Release|Any CPU
		{597411F8-5AD5-4823-A8BA-80D09AA54062}.Release|Any CPU.Build.0 = Release|Any CPU
		{25A0EA5D-5B59-4A1C-AE81-3E1817BAAE71}.Debug|Any CPU.ActiveCfg = Debug|Any CPU
		{25A0EA5D-5B59-4A1C-AE81-3E1817BAAE71}.Debug|Any CPU.Build.0 = Debug|Any CPU
		{25A0EA5D-5B59-4A1C-AE81-3E1817BAAE71}.Release|Any CPU.ActiveCfg = Release|Any CPU
		{25A0EA5D-5B59-4A1C-AE81-3E1817BAAE71}.Release|Any CPU.Build.0 = Release|Any CPU
	EndGlobalSection
	GlobalSection(SolutionProperties) = preSolution
		HideSolutionNode = FALSE
	EndGlobalSection
	GlobalSection(ExtensibilityGlobals) = postSolution
		SolutionGuid = {4FBEA23A-3BC0-4A99-8659-C42DDBFCE5C4}
	EndGlobalSection
EndGlobal
